// !$*UTF8*$!
{
	archiveVersion = 1;
	classes = {
	};
	objectVersion = 50;
	objects = {

/* Begin PBXBuildFile section */
		4C5C856C231D03D300FC27ED /* AppDelegate.swift in Sources */ = {isa = PBXBuildFile; fileRef = 4C5C856B231D03D300FC27ED /* AppDelegate.swift */; };
		4C5C856E231D03D300FC27ED /* ViewController.swift in Sources */ = {isa = PBXBuildFile; fileRef = 4C5C856D231D03D300FC27ED /* ViewController.swift */; };
		4C5C8571231D03D300FC27ED /* Main.storyboard in Resources */ = {isa = PBXBuildFile; fileRef = 4C5C856F231D03D300FC27ED /* Main.storyboard */; };
		4C5C8573231D03D500FC27ED /* Assets.xcassets in Resources */ = {isa = PBXBuildFile; fileRef = 4C5C8572231D03D500FC27ED /* Assets.xcassets */; };
		4C5C8576231D03D500FC27ED /* LaunchScreen.storyboard in Resources */ = {isa = PBXBuildFile; fileRef = 4C5C8574231D03D500FC27ED /* LaunchScreen.storyboard */; };
		4C5C857E231D1E3D00FC27ED /* PTextField.swift in Sources */ = {isa = PBXBuildFile; fileRef = 4C5C857D231D1E3D00FC27ED /* PTextField.swift */; };
		4C5C8581231DF8F000FC27ED /* UIView+Extension.swift in Sources */ = {isa = PBXBuildFile; fileRef = 4C5C8580231DF8F000FC27ED /* UIView+Extension.swift */; };
/* End PBXBuildFile section */

/* Begin PBXFileReference section */
		4C5C8568231D03D300FC27ED /* PLogin.app */ = {isa = PBXFileReference; explicitFileType = wrapper.application; includeInIndex = 0; path = PLogin.app; sourceTree = BUILT_PRODUCTS_DIR; };
		4C5C856B231D03D300FC27ED /* AppDelegate.swift */ = {isa = PBXFileReference; lastKnownFileType = sourcecode.swift; path = AppDelegate.swift; sourceTree = "<group>"; };
		4C5C856D231D03D300FC27ED /* ViewController.swift */ = {isa = PBXFileReference; lastKnownFileType = sourcecode.swift; path = ViewController.swift; sourceTree = "<group>"; };
		4C5C8570231D03D300FC27ED /* Base */ = {isa = PBXFileReference; lastKnownFileType = file.storyboard; name = Base; path = Base.lproj/Main.storyboard; sourceTree = "<group>"; };
		4C5C8572231D03D500FC27ED /* Assets.xcassets */ = {isa = PBXFileReference; lastKnownFileType = folder.assetcatalog; path = Assets.xcassets; sourceTree = "<group>"; };
		4C5C8575231D03D500FC27ED /* Base */ = {isa = PBXFileReference; lastKnownFileType = file.storyboard; name = Base; path = Base.lproj/LaunchScreen.storyboard; sourceTree = "<group>"; };
		4C5C8577231D03D500FC27ED /* Info.plist */ = {isa = PBXFileReference; lastKnownFileType = text.plist.xml; path = Info.plist; sourceTree = "<group>"; };
		4C5C857D231D1E3D00FC27ED /* PTextField.swift */ = {isa = PBXFileReference; lastKnownFileType = sourcecode.swift; path = PTextField.swift; sourceTree = "<group>"; };
		4C5C8580231DF8F000FC27ED /* UIView+Extension.swift */ = {isa = PBXFileReference; lastKnownFileType = sourcecode.swift; path = "UIView+Extension.swift"; sourceTree = "<group>"; };
/* End PBXFileReference section */

/* Begin PBXFrameworksBuildPhase section */
		4C5C8565231D03D300FC27ED /* Frameworks */ = {
			isa = PBXFrameworksBuildPhase;
			buildActionMask = 2147483647;
			files = (
			);
			runOnlyForDeploymentPostprocessing = 0;
		};
/* End PBXFrameworksBuildPhase section */

/* Begin PBXGroup section */
		4C5C855F231D03D300FC27ED = {
			isa = PBXGroup;
			children = (
				4C5C856A231D03D300FC27ED /* PLogin */,
				4C5C8569231D03D300FC27ED /* Products */,
			);
			sourceTree = "<group>";
		};
		4C5C8569231D03D300FC27ED /* Products */ = {
			isa = PBXGroup;
			children = (
				4C5C8568231D03D300FC27ED /* PLogin.app */,
			);
			name = Products;
			sourceTree = "<group>";
		};
		4C5C856A231D03D300FC27ED /* PLogin */ = {
			isa = PBXGroup;
			children = (
				4C5C857F231DF8C400FC27ED /* Extension */,
				4C5C856B231D03D300FC27ED /* AppDelegate.swift */,
				4C5C856D231D03D300FC27ED /* ViewController.swift */,
				4C5C857D231D1E3D00FC27ED /* PTextField.swift */,
				4C5C856F231D03D300FC27ED /* Main.storyboard */,
				4C5C8572231D03D500FC27ED /* Assets.xcassets */,
				4C5C8574231D03D500FC27ED /* LaunchScreen.storyboard */,
				4C5C8577231D03D500FC27ED /* Info.plist */,
			);
			path = PLogin;
			sourceTree = "<group>";
		};
		4C5C857F231DF8C400FC27ED /* Extension */ = {
			isa = PBXGroup;
			children = (
				4C5C8580231DF8F000FC27ED /* UIView+Extension.swift */,
			);
			path = Extension;
			sourceTree = "<group>";
		};
/* End PBXGroup section */

/* Begin PBXNativeTarget section */
		4C5C8567231D03D300FC27ED /* PLogin */ = {
			isa = PBXNativeTarget;
			buildConfigurationList = 4C5C857A231D03D500FC27ED /* Build configuration list for PBXNativeTarget "PLogin" */;
			buildPhases = (
				4C5C8564231D03D300FC27ED /* Sources */,
				4C5C8565231D03D300FC27ED /* Frameworks */,
				4C5C8566231D03D300FC27ED /* Resources */,
			);
			buildRules = (
			);
			dependencies = (
			);
			name = PLogin;
			productName = PLogin;
			productReference = 4C5C8568231D03D300FC27ED /* PLogin.app */;
			productType = "com.apple.product-type.application";
		};
/* End PBXNativeTarget section */

/* Begin PBXProject section */
		4C5C8560231D03D300FC27ED /* Project object */ = {
			isa = PBXProject;
			attributes = {
				LastSwiftUpdateCheck = 1010;
				LastUpgradeCheck = 1010;
				ORGANIZATIONNAME = os;
				TargetAttributes = {
					4C5C8567231D03D300FC27ED = {
						CreatedOnToolsVersion = 10.1;
					};
				};
			};
			buildConfigurationList = 4C5C8563231D03D300FC27ED /* Build configuration list for PBXProject "PLogin" */;
			compatibilityVersion = "Xcode 9.3";
			developmentRegion = en;
			hasScannedForEncodings = 0;
			knownRegions = (
				en,
				Base,
			);
			mainGroup = 4C5C855F231D03D300FC27ED;
			productRefGroup = 4C5C8569231D03D300FC27ED /* Products */;
			projectDirPath = "";
			projectRoot = "";
			targets = (
				4C5C8567231D03D300FC27ED /* PLogin */,
			);
		};
/* End PBXProject section */

/* Begin PBXResourcesBuildPhase section */
		4C5C8566231D03D300FC27ED /* Resources */ = {
			isa = PBXResourcesBuildPhase;
			buildActionMask = 2147483647;
			files = (
				4C5C8576231D03D500FC27ED /* LaunchScreen.storyboard in Resources */,
				4C5C8573231D03D500FC27ED /* Assets.xcassets in Resources */,
				4C5C8571231D03D300FC27ED /* Main.storyboard in Resources */,
			);
			runOnlyForDeploymentPostprocessing = 0;
		};
/* End PBXResourcesBuildPhase section */

/* Begin PBXSourcesBuildPhase section */
		4C5C8564231D03D300FC27ED /* Sources */ = {
			isa = PBXSourcesBuildPhase;
			buildActionMask = 2147483647;
			files = (
				4C5C856E231D03D300FC27ED /* ViewController.swift in Sources */,
				4C5C857E231D1E3D00FC27ED /* PTextField.swift in Sources */,
				4C5C8581231DF8F000FC27ED /* UIView+Extension.swift in Sources */,
				4C5C856C231D03D300FC27ED /* AppDelegate.swift in Sources */,
			);
			runOnlyForDeploymentPostprocessing = 0;
		};
/* End PBXSourcesBuildPhase section */

/* Begin PBXVariantGroup section */
		4C5C856F231D03D300FC27ED /* Main.storyboard */ = {
			isa = PBXVariantGroup;
			children = (
				4C5C8570231D03D300FC27ED /* Base */,
			);
			name = Main.storyboard;
			sourceTree = "<group>";
		};
		4C5C8574231D03D500FC27ED /* LaunchScreen.storyboard */ = {
			isa = PBXVariantGroup;
			children = (
				4C5C8575231D03D500FC27ED /* Base */,
			);
			name = LaunchScreen.storyboard;
			sourceTree = "<group>";
		};
/* End PBXVariantGroup section */

/* Begin XCBuildConfiguration section */
		4C5C8578231D03D500FC27ED /* Debug */ = {
			isa = XCBuildConfiguration;
			buildSettings = {
				ALWAYS_SEARCH_USER_PATHS = NO;
				CLANG_ANALYZER_NONNULL = YES;
				CLANG_ANALYZER_NUMBER_OBJECT_CONVERSION = YES_AGGRESSIVE;
				CLANG_CXX_LANGUAGE_STANDARD = "gnu++14";
				CLANG_CXX_LIBRARY = "libc++";
				CLANG_ENABLE_MODULES = YES;
				CLANG_ENABLE_OBJC_ARC = YES;
				CLANG_ENABLE_OBJC_WEAK = YES;
				CLANG_WARN_BLOCK_CAPTURE_AUTORELEASING = YES;
				CLANG_WARN_BOOL_CONVERSION = YES;
				CLANG_WARN_COMMA = YES;
				CLANG_WARN_CONSTANT_CONVERSION = YES;
				CLANG_WARN_DEPRECATED_OBJC_IMPLEMENTATIONS = YES;
				CLANG_WARN_DIRECT_OBJC_ISA_USAGE = YES_ERROR;
				CLANG_WARN_DOCUMENTATION_COMMENTS = YES;
				CLANG_WARN_EMPTY_BODY = YES;
				CLANG_WARN_ENUM_CONVERSION = YES;
				CLANG_WARN_INFINITE_RECURSION = YES;
				CLANG_WARN_INT_CONVERSION = YES;
				CLANG_WARN_NON_LITERAL_NULL_CONVERSION = YES;
				CLANG_WARN_OBJC_IMPLICIT_RETAIN_SELF = YES;
				CLANG_WARN_OBJC_LITERAL_CONVERSION = YES;
				CLANG_WARN_OBJC_ROOT_CLASS = YES_ERROR;
				CLANG_WARN_RANGE_LOOP_ANALYSIS = YES;
				CLANG_WARN_STRICT_PROTOTYPES = YES;
				CLANG_WARN_SUSPICIOUS_MOVE = YES;
				CLANG_WARN_UNGUARDED_AVAILABILITY = YES_AGGRESSIVE;
				CLANG_WARN_UNREACHABLE_CODE = YES;
				CLANG_WARN__DUPLICATE_METHOD_MATCH = YES;
				CODE_SIGN_IDENTITY = "iPhone Developer";
				COPY_PHASE_STRIP = NO;
				DEBUG_INFORMATION_FORMAT = dwarf;
				ENABLE_STRICT_OBJC_MSGSEND = YES;
				ENABLE_TESTABILITY = YES;
				GCC_C_LANGUAGE_STANDARD = gnu11;
				GCC_DYNAMIC_NO_PIC = NO;
				GCC_NO_COMMON_BLOCKS = YES;
				GCC_OPTIMIZATION_LEVEL = 0;
				GCC_PREPROCESSOR_DEFINITIONS = (
					"DEBUG=1",
					"$(inherited)",
				);
				GCC_WARN_64_TO_32_BIT_CONVERSION = YES;
				GCC_WARN_ABOUT_RETURN_TYPE = YES_ERROR;
				GCC_WARN_UNDECLARED_SELECTOR = YES;
				GCC_WARN_UNINITIALIZED_AUTOS = YES_AGGRESSIVE;
				GCC_WARN_UNUSED_FUNCTION = YES;
				GCC_WARN_UNUSED_VARIABLE = YES;
				IPHONEOS_DEPLOYMENT_TARGET = 12.1;
				MTL_ENABLE_DEBUG_INFO = INCLUDE_SOURCE;
				MTL_FAST_MATH = YES;
				ONLY_ACTIVE_ARCH = YES;
				SDKROOT = iphoneos;
				SWIFT_ACTIVE_COMPILATION_CONDITIONS = DEBUG;
				SWIFT_OPTIMIZATION_LEVEL = "-Onone";
			};
			name = Debug;
		};
		4C5C8579231D03D500FC27ED /* Release */ = {
			isa = XCBuildConfiguration;
			buildSettings = {
				ALWAYS_SEARCH_USER_PATHS = NO;
				CLANG_ANALYZER_NONNULL = YES;
				CLANG_ANALYZER_NUMBER_OBJECT_CONVERSION = YES_AGGRESSIVE;
				CLANG_CXX_LANGUAGE_STANDARD = "gnu++14";
				CLANG_CXX_LIBRARY = "libc++";
				CLANG_ENABLE_MODULES = YES;
				CLANG_ENABLE_OBJC_ARC = YES;
				CLANG_ENABLE_OBJC_WEAK = YES;
				CLANG_WARN_BLOCK_CAPTURE_AUTORELEASING = YES;
				CLANG_WARN_BOOL_CONVERSION = YES;
				CLANG_WARN_COMMA = YES;
				CLANG_WARN_CONSTANT_CONVERSION = YES;
				CLANG_WARN_DEPRECATED_OBJC_IMPLEMENTATIONS = YES;
				CLANG_WARN_DIRECT_OBJC_ISA_USAGE = YES_ERROR;
				CLANG_WARN_DOCUMENTATION_COMMENTS = YES;
				CLANG_WARN_EMPTY_BODY = YES;
				CLANG_WARN_ENUM_CONVERSION = YES;
				CLANG_WARN_INFINITE_RECURSION = YES;
				CLANG_WARN_INT_CONVERSION = YES;
				CLANG_WARN_NON_LITERAL_NULL_CONVERSION = YES;
				CLANG_WARN_OBJC_IMPLICIT_RETAIN_SELF = YES;
				CLANG_WARN_OBJC_LITERAL_CONVERSION = YES;
				CLANG_WARN_OBJC_ROOT_CLASS = YES_ERROR;
				CLANG_WARN_RANGE_LOOP_ANALYSIS = YES;
				CLANG_WARN_STRICT_PROTOTYPES = YES;
				CLANG_WARN_SUSPICIOUS_MOVE = YES;
				CLANG_WARN_UNGUARDED_AVAILABILITY = YES_AGGRESSIVE;
				CLANG_WARN_UNREACHABLE_CODE = YES;
				CLANG_WARN__DUPLICATE_METHOD_MATCH = YES;
				CODE_SIGN_IDENTITY = "iPhone Developer";
				COPY_PHASE_STRIP = NO;
				DEBUG_INFORMATION_FORMAT = "dwarf-with-dsym";
				ENABLE_NS_ASSERTIONS = NO;
				ENABLE_STRICT_OBJC_MSGSEND = YES;
				GCC_C_LANGUAGE_STANDARD = gnu11;
				GCC_NO_COMMON_BLOCKS = YES;
				GCC_WARN_64_TO_32_BIT_CONVERSION = YES;
				GCC_WARN_ABOUT_RETURN_TYPE = YES_ERROR;
				GCC_WARN_UNDECLARED_SELECTOR = YES;
				GCC_WARN_UNINITIALIZED_AUTOS = YES_AGGRESSIVE;
				GCC_WARN_UNUSED_FUNCTION = YES;
				GCC_WARN_UNUSED_VARIABLE = YES;
				IPHONEOS_DEPLOYMENT_TARGET = 12.1;
				MTL_ENABLE_DEBUG_INFO = NO;
				MTL_FAST_MATH = YES;
				SDKROOT = iphoneos;
				SWIFT_COMPILATION_MODE = wholemodule;
				SWIFT_OPTIMIZATION_LEVEL = "-O";
				VALIDATE_PRODUCT = YES;
			};
			name = Release;
		};
		4C5C857B231D03D500FC27ED /* Debug */ = {
			isa = XCBuildConfiguration;
			buildSettings = {
				ASSETCATALOG_COMPILER_APPICON_NAME = AppIcon;
				CODE_SIGN_STYLE = Automatic;
				INFOPLIST_FILE = PLogin/Info.plist;
				IPHONEOS_DEPLOYMENT_TARGET = 8.0;
				LD_RUNPATH_SEARCH_PATHS = (
					"$(inherited)",
					"@executable_path/Frameworks",
				);
				PRODUCT_BUNDLE_IDENTIFIER = com.PLogin;
				PRODUCT_NAME = "$(TARGET_NAME)";
				SWIFT_VERSION = 4.2;
				TARGETED_DEVICE_FAMILY = 2;
			};
			name = Debug;
		};
		4C5C857C231D03D500FC27ED /* Release */ = {
			isa = XCBuildConfiguration;
			buildSettings = {
				ASSETCATALOG_COMPILER_APPICON_NAME = AppIcon;
				CODE_SIGN_STYLE = Automatic;
				INFOPLIST_FILE = PLogin/Info.plist;
				IPHONEOS_DEPLOYMENT_TARGET = 8.0;
				LD_RUNPATH_SEARCH_PATHS = (
					"$(inherited)",
					"@executable_path/Frameworks",
				);
				PRODUCT_BUNDLE_IDENTIFIER = com.PLogin;
				PRODUCT_NAME = "$(TARGET_NAME)";
				SWIFT_VERSION = 4.2;
				TARGETED_DEVICE_FAMILY = 2;
			};
			name = Release;
		};
/* End XCBuildConfiguration section */

/* Begin XCConfigurationList section */
		4C5C8563231D03D300FC27ED /* Build configuration list for PBXProject "PLogin" */ = {
			isa = XCConfigurationList;
			buildConfigurations = (
				4C5C8578231D03D500FC27ED /* Debug */,
				4C5C8579231D03D500FC27ED /* Release */,
			);
			defaultConfigurationIsVisible = 0;
			defaultConfigurationName = Release;
		};
		4C5C857A231D03D500FC27ED /* Build configuration list for PBXNativeTarget "PLogin" */ = {
			isa = XCConfigurationList;
			buildConfigurations = (
				4C5C857B231D03D500FC27ED /* Debug */,
				4C5C857C231D03D500FC27ED /* Release */,
			);
			defaultConfigurationIsVisible = 0;
			defaultConfigurationName = Release;
		};
/* End XCConfigurationList section */
	};
	rootObject = 4C5C8560231D03D300FC27ED /* Project object */;
}
